// !$*UTF8*$!
{
	archiveVersion = 1;
	classes = {
	};
	objectVersion = 55;
	objects = {

/* Begin PBXBuildFile section */
		0AF4FC2128AFFF66000C0E43 /* KUHackerthon_iosApp.swift in Sources */ = {isa = PBXBuildFile; fileRef = 0AF4FC2028AFFF66000C0E43 /* KUHackerthon_iosApp.swift */; };
		0AF4FC2328AFFF66000C0E43 /* ContentView.swift in Sources */ = {isa = PBXBuildFile; fileRef = 0AF4FC2228AFFF66000C0E43 /* ContentView.swift */; };
		0AF4FC2528AFFF68000C0E43 /* Assets.xcassets in Resources */ = {isa = PBXBuildFile; fileRef = 0AF4FC2428AFFF68000C0E43 /* Assets.xcassets */; };
		0AF4FC2828AFFF68000C0E43 /* Preview Assets.xcassets in Resources */ = {isa = PBXBuildFile; fileRef = 0AF4FC2728AFFF68000C0E43 /* Preview Assets.xcassets */; };
		0AF4FC6E28B087F6000C0E43 /* Recording.swift in Sources */ = {isa = PBXBuildFile; fileRef = 0AF4FC6D28B087F6000C0E43 /* Recording.swift */; };
		0AF4FC7028B08808000C0E43 /* UploadFileResponse.swift in Sources */ = {isa = PBXBuildFile; fileRef = 0AF4FC6F28B08808000C0E43 /* UploadFileResponse.swift */; };
		0AF4FC7428B088A6000C0E43 /* VoiceViewModel.swift in Sources */ = {isa = PBXBuildFile; fileRef = 0AF4FC7328B088A6000C0E43 /* VoiceViewModel.swift */; };
		0AF4FC7628B088BB000C0E43 /* AudioUploadViewModel.swift in Sources */ = {isa = PBXBuildFile; fileRef = 0AF4FC7528B088BB000C0E43 /* AudioUploadViewModel.swift */; };
		0AF4FC7828B088F3000C0E43 /* UploadManager.swift in Sources */ = {isa = PBXBuildFile; fileRef = 0AF4FC7728B088F3000C0E43 /* UploadManager.swift */; };
		0AF4FC7B28B08938000C0E43 /* Date.swift in Sources */ = {isa = PBXBuildFile; fileRef = 0AF4FC7A28B08938000C0E43 /* Date.swift */; };
		0AF4FC7D28B08944000C0E43 /* convertSecToMinAndHour.swift in Sources */ = {isa = PBXBuildFile; fileRef = 0AF4FC7C28B08944000C0E43 /* convertSecToMinAndHour.swift */; };
		B838D05941A0D020E400A6C3 /* Pods_KUHackerthon_ios.framework in Frameworks */ = {isa = PBXBuildFile; fileRef = 87B11A0EE6876BDFD52EA645 /* Pods_KUHackerthon_ios.framework */; };
/* End PBXBuildFile section */

/* Begin PBXFileReference section */
		0AF4FC1D28AFFF66000C0E43 /* KUHackerthon-ios.app */ = {isa = PBXFileReference; explicitFileType = wrapper.application; includeInIndex = 0; path = "KUHackerthon-ios.app"; sourceTree = BUILT_PRODUCTS_DIR; };
		0AF4FC2028AFFF66000C0E43 /* KUHackerthon_iosApp.swift */ = {isa = PBXFileReference; lastKnownFileType = sourcecode.swift; path = KUHackerthon_iosApp.swift; sourceTree = "<group>"; };
		0AF4FC2228AFFF66000C0E43 /* ContentView.swift */ = {isa = PBXFileReference; lastKnownFileType = sourcecode.swift; path = ContentView.swift; sourceTree = "<group>"; };
		0AF4FC2428AFFF68000C0E43 /* Assets.xcassets */ = {isa = PBXFileReference; lastKnownFileType = folder.assetcatalog; path = Assets.xcassets; sourceTree = "<group>"; };
		0AF4FC2728AFFF68000C0E43 /* Preview Assets.xcassets */ = {isa = PBXFileReference; lastKnownFileType = folder.assetcatalog; path = "Preview Assets.xcassets"; sourceTree = "<group>"; };
		0AF4FC6D28B087F6000C0E43 /* Recording.swift */ = {isa = PBXFileReference; lastKnownFileType = sourcecode.swift; path = Recording.swift; sourceTree = "<group>"; };
		0AF4FC6F28B08808000C0E43 /* UploadFileResponse.swift */ = {isa = PBXFileReference; lastKnownFileType = sourcecode.swift; path = UploadFileResponse.swift; sourceTree = "<group>"; };
		0AF4FC7328B088A6000C0E43 /* VoiceViewModel.swift */ = {isa = PBXFileReference; lastKnownFileType = sourcecode.swift; path = VoiceViewModel.swift; sourceTree = "<group>"; };
		0AF4FC7528B088BB000C0E43 /* AudioUploadViewModel.swift */ = {isa = PBXFileReference; lastKnownFileType = sourcecode.swift; path = AudioUploadViewModel.swift; sourceTree = "<group>"; };
		0AF4FC7728B088F3000C0E43 /* UploadManager.swift */ = {isa = PBXFileReference; lastKnownFileType = sourcecode.swift; path = UploadManager.swift; sourceTree = "<group>"; };
		0AF4FC7A28B08938000C0E43 /* Date.swift */ = {isa = PBXFileReference; lastKnownFileType = sourcecode.swift; path = Date.swift; sourceTree = "<group>"; };
		0AF4FC7C28B08944000C0E43 /* convertSecToMinAndHour.swift */ = {isa = PBXFileReference; lastKnownFileType = sourcecode.swift; path = convertSecToMinAndHour.swift; sourceTree = "<group>"; };
		6BE150CFA5A8280B2A89407C /* Pods-KUHackerthon-ios.release.xcconfig */ = {isa = PBXFileReference; includeInIndex = 1; lastKnownFileType = text.xcconfig; name = "Pods-KUHackerthon-ios.release.xcconfig"; path = "Target Support Files/Pods-KUHackerthon-ios/Pods-KUHackerthon-ios.release.xcconfig"; sourceTree = "<group>"; };
		87B11A0EE6876BDFD52EA645 /* Pods_KUHackerthon_ios.framework */ = {isa = PBXFileReference; explicitFileType = wrapper.framework; includeInIndex = 0; path = Pods_KUHackerthon_ios.framework; sourceTree = BUILT_PRODUCTS_DIR; };
		E515B3B46AF022624942F767 /* Pods-KUHackerthon-ios.debug.xcconfig */ = {isa = PBXFileReference; includeInIndex = 1; lastKnownFileType = text.xcconfig; name = "Pods-KUHackerthon-ios.debug.xcconfig"; path = "Target Support Files/Pods-KUHackerthon-ios/Pods-KUHackerthon-ios.debug.xcconfig"; sourceTree = "<group>"; };
/* End PBXFileReference section */

/* Begin PBXFrameworksBuildPhase section */
		0AF4FC1A28AFFF66000C0E43 /* Frameworks */ = {
			isa = PBXFrameworksBuildPhase;
			buildActionMask = 2147483647;
			files = (
				B838D05941A0D020E400A6C3 /* Pods_KUHackerthon_ios.framework in Frameworks */,
			);
			runOnlyForDeploymentPostprocessing = 0;
		};
/* End PBXFrameworksBuildPhase section */

/* Begin PBXGroup section */
		0AF4FC1428AFFF66000C0E43 = {
			isa = PBXGroup;
			children = (
				0AF4FC1F28AFFF66000C0E43 /* KUHackerthon-ios */,
				0AF4FC1E28AFFF66000C0E43 /* Products */,
				D64EF3D1940CF87FA12BED01 /* Pods */,
				4F1952984A4F552BDCC5C4B1 /* Frameworks */,
			);
			sourceTree = "<group>";
		};
		0AF4FC1E28AFFF66000C0E43 /* Products */ = {
			isa = PBXGroup;
			children = (
				0AF4FC1D28AFFF66000C0E43 /* KUHackerthon-ios.app */,
			);
			name = Products;
			sourceTree = "<group>";
		};
		0AF4FC1F28AFFF66000C0E43 /* KUHackerthon-ios */ = {
			isa = PBXGroup;
			children = (
				0AF4FC2028AFFF66000C0E43 /* KUHackerthon_iosApp.swift */,
				0AF4FC7928B08928000C0E43 /* Extensions */,
				0AF4FC6C28B087EC000C0E43 /* Models */,
				0AF4FC7128B08865000C0E43 /* Views */,
				0AF4FC7228B0888C000C0E43 /* ViewModels */,
				0AF4FC2428AFFF68000C0E43 /* Assets.xcassets */,
				0AF4FC2628AFFF68000C0E43 /* Preview Content */,
			);
			path = "KUHackerthon-ios";
			sourceTree = "<group>";
		};
		0AF4FC2628AFFF68000C0E43 /* Preview Content */ = {
			isa = PBXGroup;
			children = (
				0AF4FC2728AFFF68000C0E43 /* Preview Assets.xcassets */,
			);
			path = "Preview Content";
			sourceTree = "<group>";
		};
		0AF4FC6C28B087EC000C0E43 /* Models */ = {
			isa = PBXGroup;
			children = (
				0AF4FC6D28B087F6000C0E43 /* Recording.swift */,
				0AF4FC6F28B08808000C0E43 /* UploadFileResponse.swift */,
			);
			path = Models;
			sourceTree = "<group>";
		};
		0AF4FC7128B08865000C0E43 /* Views */ = {
			isa = PBXGroup;
			children = (
				0AF4FC2228AFFF66000C0E43 /* ContentView.swift */,
			);
			path = Views;
			sourceTree = "<group>";
		};
		0AF4FC7228B0888C000C0E43 /* ViewModels */ = {
			isa = PBXGroup;
			children = (
				0AF4FC7328B088A6000C0E43 /* VoiceViewModel.swift */,
				0AF4FC7528B088BB000C0E43 /* AudioUploadViewModel.swift */,
				0AF4FC7728B088F3000C0E43 /* UploadManager.swift */,
			);
			path = ViewModels;
			sourceTree = "<group>";
		};
		0AF4FC7928B08928000C0E43 /* Extensions */ = {
			isa = PBXGroup;
			children = (
				0AF4FC7A28B08938000C0E43 /* Date.swift */,
				0AF4FC7C28B08944000C0E43 /* convertSecToMinAndHour.swift */,
			);
			path = Extensions;
			sourceTree = "<group>";
		};
		4F1952984A4F552BDCC5C4B1 /* Frameworks */ = {
			isa = PBXGroup;
			children = (
				87B11A0EE6876BDFD52EA645 /* Pods_KUHackerthon_ios.framework */,
			);
			name = Frameworks;
			sourceTree = "<group>";
		};
		D64EF3D1940CF87FA12BED01 /* Pods */ = {
			isa = PBXGroup;
			children = (
				E515B3B46AF022624942F767 /* Pods-KUHackerthon-ios.debug.xcconfig */,
				6BE150CFA5A8280B2A89407C /* Pods-KUHackerthon-ios.release.xcconfig */,
			);
			name = Pods;
			path = Pods;
			sourceTree = "<group>";
		};
/* End PBXGroup section */

/* Begin PBXNativeTarget section */
		0AF4FC1C28AFFF66000C0E43 /* KUHackerthon-ios */ = {
			isa = PBXNativeTarget;
			buildConfigurationList = 0AF4FC2B28AFFF68000C0E43 /* Build configuration list for PBXNativeTarget "KUHackerthon-ios" */;
			buildPhases = (
				6CA6C9A56BF955A16BF19D07 /* [CP] Check Pods Manifest.lock */,
				0AF4FC1928AFFF66000C0E43 /* Sources */,
				0AF4FC1A28AFFF66000C0E43 /* Frameworks */,
				0AF4FC1B28AFFF66000C0E43 /* Resources */,
				9654BACB8FDDD97B0FD88546 /* [CP] Embed Pods Frameworks */,
			);
			buildRules = (
			);
			dependencies = (
			);
			name = "KUHackerthon-ios";
			productName = "KUHackerthon-ios";
			productReference = 0AF4FC1D28AFFF66000C0E43 /* KUHackerthon-ios.app */;
			productType = "com.apple.product-type.application";
		};
/* End PBXNativeTarget section */

/* Begin PBXProject section */
		0AF4FC1528AFFF66000C0E43 /* Project object */ = {
			isa = PBXProject;
			attributes = {
				BuildIndependentTargetsInParallel = 1;
				LastSwiftUpdateCheck = 1340;
				LastUpgradeCheck = 1340;
				TargetAttributes = {
					0AF4FC1C28AFFF66000C0E43 = {
						CreatedOnToolsVersion = 13.4.1;
					};
				};
			};
			buildConfigurationList = 0AF4FC1828AFFF66000C0E43 /* Build configuration list for PBXProject "KUHackerthon-ios" */;
			compatibilityVersion = "Xcode 13.0";
			developmentRegion = en;
			hasScannedForEncodings = 0;
			knownRegions = (
				en,
				Base,
			);
			mainGroup = 0AF4FC1428AFFF66000C0E43;
			productRefGroup = 0AF4FC1E28AFFF66000C0E43 /* Products */;
			projectDirPath = "";
			projectRoot = "";
			targets = (
				0AF4FC1C28AFFF66000C0E43 /* KUHackerthon-ios */,
			);
		};
/* End PBXProject section */

/* Begin PBXResourcesBuildPhase section */
		0AF4FC1B28AFFF66000C0E43 /* Resources */ = {
			isa = PBXResourcesBuildPhase;
			buildActionMask = 2147483647;
			files = (
				0AF4FC2828AFFF68000C0E43 /* Preview Assets.xcassets in Resources */,
				0AF4FC2528AFFF68000C0E43 /* Assets.xcassets in Resources */,
			);
			runOnlyForDeploymentPostprocessing = 0;
		};
/* End PBXResourcesBuildPhase section */

/* Begin PBXShellScriptBuildPhase section */
		6CA6C9A56BF955A16BF19D07 /* [CP] Check Pods Manifest.lock */ = {
			isa = PBXShellScriptBuildPhase;
			buildActionMask = 2147483647;
			files = (
			);
			inputFileListPaths = (
			);
			inputPaths = (
				"${PODS_PODFILE_DIR_PATH}/Podfile.lock",
				"${PODS_ROOT}/Manifest.lock",
			);
			name = "[CP] Check Pods Manifest.lock";
			outputFileListPaths = (
			);
			outputPaths = (
				"$(DERIVED_FILE_DIR)/Pods-KUHackerthon-ios-checkManifestLockResult.txt",
			);
			runOnlyForDeploymentPostprocessing = 0;
			shellPath = /bin/sh;
			shellScript = "diff \"${PODS_PODFILE_DIR_PATH}/Podfile.lock\" \"${PODS_ROOT}/Manifest.lock\" > /dev/null\nif [ $? != 0 ] ; then\n    # print error to STDERR\n    echo \"error: The sandbox is not in sync with the Podfile.lock. Run 'pod install' or update your CocoaPods installation.\" >&2\n    exit 1\nfi\n# This output is used by Xcode 'outputs' to avoid re-running this script phase.\necho \"SUCCESS\" > \"${SCRIPT_OUTPUT_FILE_0}\"\n";
			showEnvVarsInLog = 0;
		};
		9654BACB8FDDD97B0FD88546 /* [CP] Embed Pods Frameworks */ = {
			isa = PBXShellScriptBuildPhase;
			buildActionMask = 2147483647;
			files = (
			);
			inputFileListPaths = (
				"${PODS_ROOT}/Target Support Files/Pods-KUHackerthon-ios/Pods-KUHackerthon-ios-frameworks-${CONFIGURATION}-input-files.xcfilelist",
			);
			name = "[CP] Embed Pods Frameworks";
			outputFileListPaths = (
				"${PODS_ROOT}/Target Support Files/Pods-KUHackerthon-ios/Pods-KUHackerthon-ios-frameworks-${CONFIGURATION}-output-files.xcfilelist",
			);
			runOnlyForDeploymentPostprocessing = 0;
			shellPath = /bin/sh;
			shellScript = "\"${PODS_ROOT}/Target Support Files/Pods-KUHackerthon-ios/Pods-KUHackerthon-ios-frameworks.sh\"\n";
			showEnvVarsInLog = 0;
		};
/* End PBXShellScriptBuildPhase section */

/* Begin PBXSourcesBuildPhase section */
		0AF4FC1928AFFF66000C0E43 /* Sources */ = {
			isa = PBXSourcesBuildPhase;
			buildActionMask = 2147483647;
			files = (
				0AF4FC2328AFFF66000C0E43 /* ContentView.swift in Sources */,
				0AF4FC7428B088A6000C0E43 /* VoiceViewModel.swift in Sources */,
				0AF4FC6E28B087F6000C0E43 /* Recording.swift in Sources */,
				0AF4FC7B28B08938000C0E43 /* Date.swift in Sources */,
				0AF4FC2128AFFF66000C0E43 /* KUHackerthon_iosApp.swift in Sources */,
				0AF4FC7828B088F3000C0E43 /* UploadManager.swift in Sources */,
				0AF4FC7628B088BB000C0E43 /* AudioUploadViewModel.swift in Sources */,
				0AF4FC7028B08808000C0E43 /* UploadFileResponse.swift in Sources */,
				0AF4FC7D28B08944000C0E43 /* convertSecToMinAndHour.swift in Sources */,
			);
			runOnlyForDeploymentPostprocessing = 0;
		};
/* End PBXSourcesBuildPhase section */

/* Begin XCBuildConfiguration section */
		0AF4FC2928AFFF68000C0E43 /* Debug */ = {
			isa = XCBuildConfiguration;
			buildSettings = {
				ALWAYS_SEARCH_USER_PATHS = NO;
				CLANG_ANALYZER_NONNULL = YES;
				CLANG_ANALYZER_NUMBER_OBJECT_CONVERSION = YES_AGGRESSIVE;
				CLANG_CXX_LANGUAGE_STANDARD = "gnu++17";
				CLANG_ENABLE_MODULES = YES;
				CLANG_ENABLE_OBJC_ARC = YES;
				CLANG_ENABLE_OBJC_WEAK = YES;
				CLANG_WARN_BLOCK_CAPTURE_AUTORELEASING = YES;
				CLANG_WARN_BOOL_CONVERSION = YES;
				CLANG_WARN_COMMA = YES;
				CLANG_WARN_CONSTANT_CONVERSION = YES;
				CLANG_WARN_DEPRECATED_OBJC_IMPLEMENTATIONS = YES;
				CLANG_WARN_DIRECT_OBJC_ISA_USAGE = YES_ERROR;
				CLANG_WARN_DOCUMENTATION_COMMENTS = YES;
				CLANG_WARN_EMPTY_BODY = YES;
				CLANG_WARN_ENUM_CONVERSION = YES;
				CLANG_WARN_INFINITE_RECURSION = YES;
				CLANG_WARN_INT_CONVERSION = YES;
				CLANG_WARN_NON_LITERAL_NULL_CONVERSION = YES;
				CLANG_WARN_OBJC_IMPLICIT_RETAIN_SELF = YES;
				CLANG_WARN_OBJC_LITERAL_CONVERSION = YES;
				CLANG_WARN_OBJC_ROOT_CLASS = YES_ERROR;
				CLANG_WARN_QUOTED_INCLUDE_IN_FRAMEWORK_HEADER = YES;
				CLANG_WARN_RANGE_LOOP_ANALYSIS = YES;
				CLANG_WARN_STRICT_PROTOTYPES = YES;
				CLANG_WARN_SUSPICIOUS_MOVE = YES;
				CLANG_WARN_UNGUARDED_AVAILABILITY = YES_AGGRESSIVE;
				CLANG_WARN_UNREACHABLE_CODE = YES;
				CLANG_WARN__DUPLICATE_METHOD_MATCH = YES;
				COPY_PHASE_STRIP = NO;
				DEBUG_INFORMATION_FORMAT = dwarf;
				ENABLE_STRICT_OBJC_MSGSEND = YES;
				ENABLE_TESTABILITY = YES;
				GCC_C_LANGUAGE_STANDARD = gnu11;
				GCC_DYNAMIC_NO_PIC = NO;
				GCC_NO_COMMON_BLOCKS = YES;
				GCC_OPTIMIZATION_LEVEL = 0;
				GCC_PREPROCESSOR_DEFINITIONS = (
					"DEBUG=1",
					"$(inherited)",
				);
				GCC_WARN_64_TO_32_BIT_CONVERSION = YES;
				GCC_WARN_ABOUT_RETURN_TYPE = YES_ERROR;
				GCC_WARN_UNDECLARED_SELECTOR = YES;
				GCC_WARN_UNINITIALIZED_AUTOS = YES_AGGRESSIVE;
				GCC_WARN_UNUSED_FUNCTION = YES;
				GCC_WARN_UNUSED_VARIABLE = YES;
				IPHONEOS_DEPLOYMENT_TARGET = 15.5;
				MTL_ENABLE_DEBUG_INFO = INCLUDE_SOURCE;
				MTL_FAST_MATH = YES;
				ONLY_ACTIVE_ARCH = YES;
				SDKROOT = iphoneos;
				SWIFT_ACTIVE_COMPILATION_CONDITIONS = DEBUG;
				SWIFT_OPTIMIZATION_LEVEL = "-Onone";
			};
			name = Debug;
		};
		0AF4FC2A28AFFF68000C0E43 /* Release */ = {
			isa = XCBuildConfiguration;
			buildSettings = {
				ALWAYS_SEARCH_USER_PATHS = NO;
				CLANG_ANALYZER_NONNULL = YES;
				CLANG_ANALYZER_NUMBER_OBJECT_CONVERSION = YES_AGGRESSIVE;
				CLANG_CXX_LANGUAGE_STANDARD = "gnu++17";
				CLANG_ENABLE_MODULES = YES;
				CLANG_ENABLE_OBJC_ARC = YES;
				CLANG_ENABLE_OBJC_WEAK = YES;
				CLANG_WARN_BLOCK_CAPTURE_AUTORELEASING = YES;
				CLANG_WARN_BOOL_CONVERSION = YES;
				CLANG_WARN_COMMA = YES;
				CLANG_WARN_CONSTANT_CONVERSION = YES;
				CLANG_WARN_DEPRECATED_OBJC_IMPLEMENTATIONS = YES;
				CLANG_WARN_DIRECT_OBJC_ISA_USAGE = YES_ERROR;
				CLANG_WARN_DOCUMENTATION_COMMENTS = YES;
				CLANG_WARN_EMPTY_BODY = YES;
				CLANG_WARN_ENUM_CONVERSION = YES;
				CLANG_WARN_INFINITE_RECURSION = YES;
				CLANG_WARN_INT_CONVERSION = YES;
				CLANG_WARN_NON_LITERAL_NULL_CONVERSION = YES;
				CLANG_WARN_OBJC_IMPLICIT_RETAIN_SELF = YES;
				CLANG_WARN_OBJC_LITERAL_CONVERSION = YES;
				CLANG_WARN_OBJC_ROOT_CLASS = YES_ERROR;
				CLANG_WARN_QUOTED_INCLUDE_IN_FRAMEWORK_HEADER = YES;
				CLANG_WARN_RANGE_LOOP_ANALYSIS = YES;
				CLANG_WARN_STRICT_PROTOTYPES = YES;
				CLANG_WARN_SUSPICIOUS_MOVE = YES;
				CLANG_WARN_UNGUARDED_AVAILABILITY = YES_AGGRESSIVE;
				CLANG_WARN_UNREACHABLE_CODE = YES;
				CLANG_WARN__DUPLICATE_METHOD_MATCH = YES;
				COPY_PHASE_STRIP = NO;
				DEBUG_INFORMATION_FORMAT = "dwarf-with-dsym";
				ENABLE_NS_ASSERTIONS = NO;
				ENABLE_STRICT_OBJC_MSGSEND = YES;
				GCC_C_LANGUAGE_STANDARD = gnu11;
				GCC_NO_COMMON_BLOCKS = YES;
				GCC_WARN_64_TO_32_BIT_CONVERSION = YES;
				GCC_WARN_ABOUT_RETURN_TYPE = YES_ERROR;
				GCC_WARN_UNDECLARED_SELECTOR = YES;
				GCC_WARN_UNINITIALIZED_AUTOS = YES_AGGRESSIVE;
				GCC_WARN_UNUSED_FUNCTION = YES;
				GCC_WARN_UNUSED_VARIABLE = YES;
				IPHONEOS_DEPLOYMENT_TARGET = 15.5;
				MTL_ENABLE_DEBUG_INFO = NO;
				MTL_FAST_MATH = YES;
				SDKROOT = iphoneos;
				SWIFT_COMPILATION_MODE = wholemodule;
				SWIFT_OPTIMIZATION_LEVEL = "-O";
				VALIDATE_PRODUCT = YES;
			};
			name = Release;
		};
		0AF4FC2C28AFFF68000C0E43 /* Debug */ = {
			isa = XCBuildConfiguration;
			baseConfigurationReference = E515B3B46AF022624942F767 /* Pods-KUHackerthon-ios.debug.xcconfig */;
			buildSettings = {
				ASSETCATALOG_COMPILER_APPICON_NAME = AppIcon;
				ASSETCATALOG_COMPILER_GLOBAL_ACCENT_COLOR_NAME = AccentColor;
				CODE_SIGN_STYLE = Automatic;
				CURRENT_PROJECT_VERSION = 1;
				DEVELOPMENT_ASSET_PATHS = "\"KUHackerthon-ios/Preview Content\"";
				DEVELOPMENT_TEAM = B4G53F63TN;
				ENABLE_PREVIEWS = YES;
				GENERATE_INFOPLIST_FILE = YES;
				INFOPLIST_KEY_UIApplicationSceneManifest_Generation = YES;
				INFOPLIST_KEY_UIApplicationSupportsIndirectInputEvents = YES;
				INFOPLIST_KEY_UILaunchScreen_Generation = YES;
				INFOPLIST_KEY_UISupportedInterfaceOrientations_iPad = "UIInterfaceOrientationPortrait UIInterfaceOrientationPortraitUpsideDown UIInterfaceOrientationLandscapeLeft UIInterfaceOrientationLandscapeRight";
				INFOPLIST_KEY_UISupportedInterfaceOrientations_iPhone = "UIInterfaceOrientationPortrait UIInterfaceOrientationLandscapeLeft UIInterfaceOrientationLandscapeRight";
				LD_RUNPATH_SEARCH_PATHS = (
					"$(inherited)",
					"@executable_path/Frameworks",
				);
				MARKETING_VERSION = 1.0;
				PRODUCT_BUNDLE_IDENTIFIER = "com.yj.KUHackerthon-ios";
				PRODUCT_NAME = "$(TARGET_NAME)";
				SWIFT_EMIT_LOC_STRINGS = YES;
				SWIFT_VERSION = 5.0;
				TARGETED_DEVICE_FAMILY = "1,2";
			};
			name = Debug;
		};
		0AF4FC2D28AFFF68000C0E43 /* Release */ = {
			isa = XCBuildConfiguration;
			baseConfigurationReference = 6BE150CFA5A8280B2A89407C /* Pods-KUHackerthon-ios.release.xcconfig */;
			buildSettings = {
				ASSETCATALOG_COMPILER_APPICON_NAME = AppIcon;
				ASSETCATALOG_COMPILER_GLOBAL_ACCENT_COLOR_NAME = AccentColor;
				CODE_SIGN_STYLE = Automatic;
				CURRENT_PROJECT_VERSION = 1;
				DEVELOPMENT_ASSET_PATHS = "\"KUHackerthon-ios/Preview Content\"";
				DEVELOPMENT_TEAM = B4G53F63TN;
				ENABLE_PREVIEWS = YES;
				GENERATE_INFOPLIST_FILE = YES;
				INFOPLIST_KEY_UIApplicationSceneManifest_Generation = YES;
				INFOPLIST_KEY_UIApplicationSupportsIndirectInputEvents = YES;
				INFOPLIST_KEY_UILaunchScreen_Generation = YES;
				INFOPLIST_KEY_UISupportedInterfaceOrientations_iPad = "UIInterfaceOrientationPortrait UIInterfaceOrientationPortraitUpsideDown UIInterfaceOrientationLandscapeLeft UIInterfaceOrientationLandscapeRight";
				INFOPLIST_KEY_UISupportedInterfaceOrientations_iPhone = "UIInterfaceOrientationPortrait UIInterfaceOrientationLandscapeLeft UIInterfaceOrientationLandscapeRight";
				LD_RUNPATH_SEARCH_PATHS = (
					"$(inherited)",
					"@executable_path/Frameworks",
				);
				MARKETING_VERSION = 1.0;
				PRODUCT_BUNDLE_IDENTIFIER = "com.yj.KUHackerthon-ios";
				PRODUCT_NAME = "$(TARGET_NAME)";
				SWIFT_EMIT_LOC_STRINGS = YES;
				SWIFT_VERSION = 5.0;
				TARGETED_DEVICE_FAMILY = "1,2";
			};
			name = Release;
		};
/* End XCBuildConfiguration section */

/* Begin XCConfigurationList section */
		0AF4FC1828AFFF66000C0E43 /* Build configuration list for PBXProject "KUHackerthon-ios" */ = {
			isa = XCConfigurationList;
			buildConfigurations = (
				0AF4FC2928AFFF68000C0E43 /* Debug */,
				0AF4FC2A28AFFF68000C0E43 /* Release */,
			);
			defaultConfigurationIsVisible = 0;
			defaultConfigurationName = Release;
		};
		0AF4FC2B28AFFF68000C0E43 /* Build configuration list for PBXNativeTarget "KUHackerthon-ios" */ = {
			isa = XCConfigurationList;
			buildConfigurations = (
				0AF4FC2C28AFFF68000C0E43 /* Debug */,
				0AF4FC2D28AFFF68000C0E43 /* Release */,
			);
			defaultConfigurationIsVisible = 0;
			defaultConfigurationName = Release;
		};
/* End XCConfigurationList section */
	};
	rootObject = 0AF4FC1528AFFF66000C0E43 /* Project object */;
}
